{
  "originHash" : "37463ba357ce7b499c0af1b7e38e0b55fac2948395847119ca45b41b18392477",
  "pins" : [
    {
      "identity" : "iroh-ffi",
      "kind" : "remoteSourceControl",
      "location" : "https://github.com/manaflow-ai/iroh-ffi.git",
      "state" : {
        "revision" : "20f0e67cc3cb5179e816ef45b7a7ec5c8c58b0e0",
        "version" : "1.0.2-cmux.7"
      }
    }
  ],
  "version" : 3
}
